
Microsoft Visual Studio Solution File, Format Version 12.00
# Visual Studio Version 17
VisualStudioVersion = 17.9.34902.65
MinimumVisualStudioVersion = 10.0.40219.1
Project("{9A19103F-16F7-4668-BE54-9A1E7A4F7556}") = "SparksApi", "SparksApi\SparksApi.csproj", "{AE316C94-F508-4994-B57F-7BA25B5A6C44}"
EndProject
Project("{9A19103F-16F7-4668-BE54-9A1E7A4F7556}") = "SparksWeb", "..\..\SparksWeb\SparksWeb.csproj", "{BD909661-47FF-4F3D-9196-25F2CAF991AF}"
EndProject
Global
	GlobalSection(SolutionConfigurationPlatforms) = preSolution
		Debug|Any CPU = Debug|Any CPU
		Release|Any CPU = Release|Any CPU
	EndGlobalSection
	GlobalSection(ProjectConfigurationPlatforms) = postSolution
		{AE316C94-F508-4994-B57F-7BA25B5A6C44}.Debug|Any CPU.ActiveCfg = Debug|Any CPU
		{AE316C94-F508-4994-B57F-7BA25B5A6C44}.Debug|Any CPU.Build.0 = Debug|Any CPU
		{AE316C94-F508-4994-B57F-7BA25B5A6C44}.Release|Any CPU.ActiveCfg = Release|Any CPU
		{AE316C94-F508-4994-B57F-7BA25B5A6C44}.Release|Any CPU.Build.0 = Release|Any CPU
		{BD909661-47FF-4F3D-9196-25F2CAF991AF}.Debug|Any CPU.ActiveCfg = Debug|Any CPU
		{BD909661-47FF-4F3D-9196-25F2CAF991AF}.Debug|Any CPU.Build.0 = Debug|Any CPU
		{BD909661-47FF-4F3D-9196-25F2CAF991AF}.Release|Any CPU.ActiveCfg = Release|Any CPU
		{BD909661-47FF-4F3D-9196-25F2CAF991AF}.Release|Any CPU.Build.0 = Release|Any CPU
	EndGlobalSection
	GlobalSection(SolutionProperties) = preSolution
		HideSolutionNode = FALSE
	EndGlobalSection
	GlobalSection(ExtensibilityGlobals) = postSolution
		SolutionGuid = {FB6F229B-A260-4216-BD68-99B432DE61EA}
	EndGlobalSection
EndGlobal
